
Microsoft Visual Studio Solution File, Format Version 12.00
# Visual Studio Version 16
VisualStudioVersion = 16.0.31702.278
MinimumVisualStudioVersion = 10.0.40219.1
Project("{9A19103F-16F7-4668-BE54-9A1E7A4F7556}") = "ConsoleApp3", "ConsoleApp3\ConsoleApp3.csproj", "{7A221C2E-7676-4F5E-A967-ED20B8BE33C0}"
EndProject
Project("{FAE04EC0-301F-11D3-BF4B-00C04F79EFBC}") = "ClassLibrary1", "ClassLibrary1\ClassLibrary1.csproj", "{49140488-C549-45B7-A3CB-2DEF000350D1}"
EndProject
Global
	GlobalSection(SolutionConfigurationPlatforms) = preSolution
		Debug|Any CPU = Debug|Any CPU
		Release|Any CPU = Release|Any CPU
	EndGlobalSection
	GlobalSection(ProjectConfigurationPlatforms) = postSolution
		{7A221C2E-7676-4F5E-A967-ED20B8BE33C0}.Debug|Any CPU.ActiveCfg = Debug|Any CPU
		{7A221C2E-7676-4F5E-A967-ED20B8BE33C0}.Debug|Any CPU.Build.0 = Debug|Any CPU
		{7A221C2E-7676-4F5E-A967-ED20B8BE33C0}.Release|Any CPU.ActiveCfg = Release|Any CPU
		{7A221C2E-7676-4F5E-A967-ED20B8BE33C0}.Release|Any CPU.Build.0 = Release|Any CPU
		{49140488-C549-45B7-A3CB-2DEF000350D1}.Debug|Any CPU.ActiveCfg = Debug|Any CPU
		{49140488-C549-45B7-A3CB-2DEF000350D1}.Debug|Any CPU.Build.0 = Debug|Any CPU
		{49140488-C549-45B7-A3CB-2DEF000350D1}.Release|Any CPU.ActiveCfg = Release|Any CPU
		{49140488-C549-45B7-A3CB-2DEF000350D1}.Release|Any CPU.Build.0 = Release|Any CPU
	EndGlobalSection
	GlobalSection(SolutionProperties) = preSolution
		HideSolutionNode = FALSE
	EndGlobalSection
	GlobalSection(ExtensibilityGlobals) = postSolution
		SolutionGuid = {A05DDF41-4383-4534-9087-B3F0645EAD40}
	EndGlobalSection
EndGlobal
